
Microsoft Visual Studio Solution File, Format Version 12.00
# Visual Studio 15
VisualStudioVersion = 15.0.27004.2009
MinimumVisualStudioVersion = 10.0.40219.1
Project("{FAE04EC0-301F-11D3-BF4B-00C04F79EFBC}") = "CrimeInLosAngeles.DAL", "CrimeInLosAngeles.DAL\CrimeInLosAngeles.DAL.csproj", "{A2AA3906-CC77-48DF-9AB6-3653F55432CE}"
EndProject
Project("{FAE04EC0-301F-11D3-BF4B-00C04F79EFBC}") = "CrimeInLosAngeles.DAL.Tests", "CrimeInLosAngeles.DAL.Tests\CrimeInLosAngeles.DAL.Tests.csproj", "{9421E966-842A-47B0-AFC0-04671CBBB1B8}"
EndProject
Project("{FAE04EC0-301F-11D3-BF4B-00C04F79EFBC}") = "CrimeInLosAngeles.BL", "CrimeInLosAngeles.BL\CrimeInLosAngeles.BL.csproj", "{9F8026AC-CDFC-48F4-9D8C-776138AAE1D1}"
EndProject
Project("{FAE04EC0-301F-11D3-BF4B-00C04F79EFBC}") = "CrimeInLosAngeles.BL.Tests", "CrimeInLosAngeles.BL.Tests\CrimeInLosAngeles.BL.Tests.csproj", "{5FAD81E4-C116-4749-8FC4-7F3AA27F5608}"
EndProject
Project("{FAE04EC0-301F-11D3-BF4B-00C04F79EFBC}") = "CrimeInLosAngeles.DAL.Contracts", "CrimeInLosAngeles.DAL.Contracts\CrimeInLosAngeles.DAL.Contracts.csproj", "{DD6FDB9A-353A-4A49-AB1A-4D7B6BF5267A}"
EndProject
Project("{FAE04EC0-301F-11D3-BF4B-00C04F79EFBC}") = "CrimeInLosAngeles.BL.Contracts", "CrimeInLosAngeles.BL.Contracts\CrimeInLosAngeles.BL.Contracts.csproj", "{41C5B035-3131-4210-BDA6-72F5CD7FFB8C}"
EndProject
Project("{FAE04EC0-301F-11D3-BF4B-00C04F79EFBC}") = "CrimeInLosAngeles.Model", "CrimeInLosAngeles.Model\CrimeInLosAngeles.Model.csproj", "{5A00BC0C-7C53-4FFB-8B34-7C36FC47A195}"
EndProject
Project("{FAE04EC0-301F-11D3-BF4B-00C04F79EFBC}") = "CrimeInLosAngeles.UI", "CrimeInLosAngeles.UI\CrimeInLosAngeles.UI.csproj", "{65CB0897-A96F-439F-9A61-8CEE6E582363}"
EndProject
Global
	GlobalSection(SolutionConfigurationPlatforms) = preSolution
		Debug|Any CPU = Debug|Any CPU
		Debug|ARM = Debug|ARM
		Debug|x64 = Debug|x64
		Debug|x86 = Debug|x86
		Release|Any CPU = Release|Any CPU
		Release|ARM = Release|ARM
		Release|x64 = Release|x64
		Release|x86 = Release|x86
	EndGlobalSection
	GlobalSection(ProjectConfigurationPlatforms) = postSolution
		{A2AA3906-CC77-48DF-9AB6-3653F55432CE}.Debug|Any CPU.ActiveCfg = Debug|Any CPU
		{A2AA3906-CC77-48DF-9AB6-3653F55432CE}.Debug|Any CPU.Build.0 = Debug|Any CPU
		{A2AA3906-CC77-48DF-9AB6-3653F55432CE}.Debug|ARM.ActiveCfg = Debug|Any CPU
		{A2AA3906-CC77-48DF-9AB6-3653F55432CE}.Debug|ARM.Build.0 = Debug|Any CPU
		{A2AA3906-CC77-48DF-9AB6-3653F55432CE}.Debug|x64.ActiveCfg = Debug|Any CPU
		{A2AA3906-CC77-48DF-9AB6-3653F55432CE}.Debug|x64.Build.0 = Debug|Any CPU
		{A2AA3906-CC77-48DF-9AB6-3653F55432CE}.Debug|x86.ActiveCfg = Debug|Any CPU
		{A2AA3906-CC77-48DF-9AB6-3653F55432CE}.Debug|x86.Build.0 = Debug|Any CPU
		{A2AA3906-CC77-48DF-9AB6-3653F55432CE}.Release|Any CPU.ActiveCfg = Release|Any CPU
		{A2AA3906-CC77-48DF-9AB6-3653F55432CE}.Release|Any CPU.Build.0 = Release|Any CPU
		{A2AA3906-CC77-48DF-9AB6-3653F55432CE}.Release|ARM.ActiveCfg = Release|Any CPU
		{A2AA3906-CC77-48DF-9AB6-3653F55432CE}.Release|ARM.Build.0 = Release|Any CPU
		{A2AA3906-CC77-48DF-9AB6-3653F55432CE}.Release|x64.ActiveCfg = Release|Any CPU
		{A2AA3906-CC77-48DF-9AB6-3653F55432CE}.Release|x64.Build.0 = Release|Any CPU
		{A2AA3906-CC77-48DF-9AB6-3653F55432CE}.Release|x86.ActiveCfg = Release|Any CPU
		{A2AA3906-CC77-48DF-9AB6-3653F55432CE}.Release|x86.Build.0 = Release|Any CPU
		{9421E966-842A-47B0-AFC0-04671CBBB1B8}.Debug|Any CPU.ActiveCfg = Debug|Any CPU
		{9421E966-842A-47B0-AFC0-04671CBBB1B8}.Debug|Any CPU.Build.0 = Debug|Any CPU
		{9421E966-842A-47B0-AFC0-04671CBBB1B8}.Debug|ARM.ActiveCfg = Debug|Any CPU
		{9421E966-842A-47B0-AFC0-04671CBBB1B8}.Debug|ARM.Build.0 = Debug|Any CPU
		{9421E966-842A-47B0-AFC0-04671CBBB1B8}.Debug|x64.ActiveCfg = Debug|Any CPU
		{9421E966-842A-47B0-AFC0-04671CBBB1B8}.Debug|x64.Build.0 = Debug|Any CPU
		{9421E966-842A-47B0-AFC0-04671CBBB1B8}.Debug|x86.ActiveCfg = Debug|Any CPU
		{9421E966-842A-47B0-AFC0-04671CBBB1B8}.Debug|x86.Build.0 = Debug|Any CPU
		{9421E966-842A-47B0-AFC0-04671CBBB1B8}.Release|Any CPU.ActiveCfg = Release|Any CPU
		{9421E966-842A-47B0-AFC0-04671CBBB1B8}.Release|Any CPU.Build.0 = Release|Any CPU
		{9421E966-842A-47B0-AFC0-04671CBBB1B8}.Release|ARM.ActiveCfg = Release|Any CPU
		{9421E966-842A-47B0-AFC0-04671CBBB1B8}.Release|ARM.Build.0 = Release|Any CPU
		{9421E966-842A-47B0-AFC0-04671CBBB1B8}.Release|x64.ActiveCfg = Release|Any CPU
		{9421E966-842A-47B0-AFC0-04671CBBB1B8}.Release|x64.Build.0 = Release|Any CPU
		{9421E966-842A-47B0-AFC0-04671CBBB1B8}.Release|x86.ActiveCfg = Release|Any CPU
		{9421E966-842A-47B0-AFC0-04671CBBB1B8}.Release|x86.Build.0 = Release|Any CPU
		{9F8026AC-CDFC-48F4-9D8C-776138AAE1D1}.Debug|Any CPU.ActiveCfg = Debug|Any CPU
		{9F8026AC-CDFC-48F4-9D8C-776138AAE1D1}.Debug|Any CPU.Build.0 = Debug|Any CPU
		{9F8026AC-CDFC-48F4-9D8C-776138AAE1D1}.Debug|ARM.ActiveCfg = Debug|Any CPU
		{9F8026AC-CDFC-48F4-9D8C-776138AAE1D1}.Debug|ARM.Build.0 = Debug|Any CPU
		{9F8026AC-CDFC-48F4-9D8C-776138AAE1D1}.Debug|x64.ActiveCfg = Debug|Any CPU
		{9F8026AC-CDFC-48F4-9D8C-776138AAE1D1}.Debug|x64.Build.0 = Debug|Any CPU
		{9F8026AC-CDFC-48F4-9D8C-776138AAE1D1}.Debug|x86.ActiveCfg = Debug|Any CPU
		{9F8026AC-CDFC-48F4-9D8C-776138AAE1D1}.Debug|x86.Build.0 = Debug|Any CPU
		{9F8026AC-CDFC-48F4-9D8C-776138AAE1D1}.Release|Any CPU.ActiveCfg = Release|Any CPU
		{9F8026AC-CDFC-48F4-9D8C-776138AAE1D1}.Release|Any CPU.Build.0 = Release|Any CPU
		{9F8026AC-CDFC-48F4-9D8C-776138AAE1D1}.Release|ARM.ActiveCfg = Release|Any CPU
		{9F8026AC-CDFC-48F4-9D8C-776138AAE1D1}.Release|ARM.Build.0 = Release|Any CPU
		{9F8026AC-CDFC-48F4-9D8C-776138AAE1D1}.Release|x64.ActiveCfg = Release|Any CPU
		{9F8026AC-CDFC-48F4-9D8C-776138AAE1D1}.Release|x64.Build.0 = Release|Any CPU
		{9F8026AC-CDFC-48F4-9D8C-776138AAE1D1}.Release|x86.ActiveCfg = Release|Any CPU
		{9F8026AC-CDFC-48F4-9D8C-776138AAE1D1}.Release|x86.Build.0 = Release|Any CPU
		{5FAD81E4-C116-4749-8FC4-7F3AA27F5608}.Debug|Any CPU.ActiveCfg = Debug|Any CPU
		{5FAD81E4-C116-4749-8FC4-7F3AA27F5608}.Debug|Any CPU.Build.0 = Debug|Any CPU
		{5FAD81E4-C116-4749-8FC4-7F3AA27F5608}.Debug|ARM.ActiveCfg = Debug|Any CPU
		{5FAD81E4-C116-4749-8FC4-7F3AA27F5608}.Debug|ARM.Build.0 = Debug|Any CPU
		{5FAD81E4-C116-4749-8FC4-7F3AA27F5608}.Debug|x64.ActiveCfg = Debug|Any CPU
		{5FAD81E4-C116-4749-8FC4-7F3AA27F5608}.Debug|x64.Build.0 = Debug|Any CPU
		{5FAD81E4-C116-4749-8FC4-7F3AA27F5608}.Debug|x86.ActiveCfg = Debug|Any CPU
		{5FAD81E4-C116-4749-8FC4-7F3AA27F5608}.Debug|x86.Build.0 = Debug|Any CPU
		{5FAD81E4-C116-4749-8FC4-7F3AA27F5608}.Release|Any CPU.ActiveCfg = Release|Any CPU
		{5FAD81E4-C116-4749-8FC4-7F3AA27F5608}.Release|Any CPU.Build.0 = Release|Any CPU
		{5FAD81E4-C116-4749-8FC4-7F3AA27F5608}.Release|ARM.ActiveCfg = Release|Any CPU
		{5FAD81E4-C116-4749-8FC4-7F3AA27F5608}.Release|ARM.Build.0 = Release|Any CPU
		{5FAD81E4-C116-4749-8FC4-7F3AA27F5608}.Release|x64.ActiveCfg = Release|Any CPU
		{5FAD81E4-C116-4749-8FC4-7F3AA27F5608}.Release|x64.Build.0 = Release|Any CPU
		{5FAD81E4-C116-4749-8FC4-7F3AA27F5608}.Release|x86.ActiveCfg = Release|Any CPU
		{5FAD81E4-C116-4749-8FC4-7F3AA27F5608}.Release|x86.Build.0 = Release|Any CPU
		{DD6FDB9A-353A-4A49-AB1A-4D7B6BF5267A}.Debug|Any CPU.ActiveCfg = Debug|Any CPU
		{DD6FDB9A-353A-4A49-AB1A-4D7B6BF5267A}.Debug|Any CPU.Build.0 = Debug|Any CPU
		{DD6FDB9A-353A-4A49-AB1A-4D7B6BF5267A}.Debug|ARM.ActiveCfg = Debug|Any CPU
		{DD6FDB9A-353A-4A49-AB1A-4D7B6BF5267A}.Debug|ARM.Build.0 = Debug|Any CPU
		{DD6FDB9A-353A-4A49-AB1A-4D7B6BF5267A}.Debug|x64.ActiveCfg = Debug|Any CPU
		{DD6FDB9A-353A-4A49-AB1A-4D7B6BF5267A}.Debug|x64.Build.0 = Debug|Any CPU
		{DD6FDB9A-353A-4A49-AB1A-4D7B6BF5267A}.Debug|x86.ActiveCfg = Debug|Any CPU
		{DD6FDB9A-353A-4A49-AB1A-4D7B6BF5267A}.Debug|x86.Build.0 = Debug|Any CPU
		{DD6FDB9A-353A-4A49-AB1A-4D7B6BF5267A}.Release|Any CPU.ActiveCfg = Release|Any CPU
		{DD6FDB9A-353A-4A49-AB1A-4D7B6BF5267A}.Release|Any CPU.Build.0 = Release|Any CPU
		{DD6FDB9A-353A-4A49-AB1A-4D7B6BF5267A}.Release|ARM.ActiveCfg = Release|Any CPU
		{DD6FDB9A-353A-4A49-AB1A-4D7B6BF5267A}.Release|ARM.Build.0 = Release|Any CPU
		{DD6FDB9A-353A-4A49-AB1A-4D7B6BF5267A}.Release|x64.ActiveCfg = Release|Any CPU
		{DD6FDB9A-353A-4A49-AB1A-4D7B6BF5267A}.Release|x64.Build.0 = Release|Any CPU
		{DD6FDB9A-353A-4A49-AB1A-4D7B6BF5267A}.Release|x86.ActiveCfg = Release|Any CPU
		{DD6FDB9A-353A-4A49-AB1A-4D7B6BF5267A}.Release|x86.Build.0 = Release|Any CPU
		{41C5B035-3131-4210-BDA6-72F5CD7FFB8C}.Debug|Any CPU.ActiveCfg = Debug|Any CPU
		{41C5B035-3131-4210-BDA6-72F5CD7FFB8C}.Debug|Any CPU.Build.0 = Debug|Any CPU
		{41C5B035-3131-4210-BDA6-72F5CD7FFB8C}.Debug|ARM.ActiveCfg = Debug|Any CPU
		{41C5B035-3131-4210-BDA6-72F5CD7FFB8C}.Debug|ARM.Build.0 = Debug|Any CPU
		{41C5B035-3131-4210-BDA6-72F5CD7FFB8C}.Debug|x64.ActiveCfg = Debug|Any CPU
		{41C5B035-3131-4210-BDA6-72F5CD7FFB8C}.Debug|x64.Build.0 = Debug|Any CPU
		{41C5B035-3131-4210-BDA6-72F5CD7FFB8C}.Debug|x86.ActiveCfg = Debug|Any CPU
		{41C5B035-3131-4210-BDA6-72F5CD7FFB8C}.Debug|x86.Build.0 = Debug|Any CPU
		{41C5B035-3131-4210-BDA6-72F5CD7FFB8C}.Release|Any CPU.ActiveCfg = Release|Any CPU
		{41C5B035-3131-4210-BDA6-72F5CD7FFB8C}.Release|Any CPU.Build.0 = Release|Any CPU
		{41C5B035-3131-4210-BDA6-72F5CD7FFB8C}.Release|ARM.ActiveCfg = Release|Any CPU
		{41C5B035-3131-4210-BDA6-72F5CD7FFB8C}.Release|ARM.Build.0 = Release|Any CPU
		{41C5B035-3131-4210-BDA6-72F5CD7FFB8C}.Release|x64.ActiveCfg = Release|Any CPU
		{41C5B035-3131-4210-BDA6-72F5CD7FFB8C}.Release|x64.Build.0 = Release|Any CPU
		{41C5B035-3131-4210-BDA6-72F5CD7FFB8C}.Release|x86.ActiveCfg = Release|Any CPU
		{41C5B035-3131-4210-BDA6-72F5CD7FFB8C}.Release|x86.Build.0 = Release|Any CPU
		{5A00BC0C-7C53-4FFB-8B34-7C36FC47A195}.Debug|Any CPU.ActiveCfg = Debug|Any CPU
		{5A00BC0C-7C53-4FFB-8B34-7C36FC47A195}.Debug|Any CPU.Build.0 = Debug|Any CPU
		{5A00BC0C-7C53-4FFB-8B34-7C36FC47A195}.Debug|ARM.ActiveCfg = Debug|Any CPU
		{5A00BC0C-7C53-4FFB-8B34-7C36FC47A195}.Debug|ARM.Build.0 = Debug|Any CPU
		{5A00BC0C-7C53-4FFB-8B34-7C36FC47A195}.Debug|x64.ActiveCfg = Debug|Any CPU
		{5A00BC0C-7C53-4FFB-8B34-7C36FC47A195}.Debug|x64.Build.0 = Debug|Any CPU
		{5A00BC0C-7C53-4FFB-8B34-7C36FC47A195}.Debug|x86.ActiveCfg = Debug|Any CPU
		{5A00BC0C-7C53-4FFB-8B34-7C36FC47A195}.Debug|x86.Build.0 = Debug|Any CPU
		{5A00BC0C-7C53-4FFB-8B34-7C36FC47A195}.Release|Any CPU.ActiveCfg = Release|Any CPU
		{5A00BC0C-7C53-4FFB-8B34-7C36FC47A195}.Release|Any CPU.Build.0 = Release|Any CPU
		{5A00BC0C-7C53-4FFB-8B34-7C36FC47A195}.Release|ARM.ActiveCfg = Release|Any CPU
		{5A00BC0C-7C53-4FFB-8B34-7C36FC47A195}.Release|ARM.Build.0 = Release|Any CPU
		{5A00BC0C-7C53-4FFB-8B34-7C36FC47A195}.Release|x64.ActiveCfg = Release|Any CPU
		{5A00BC0C-7C53-4FFB-8B34-7C36FC47A195}.Release|x64.Build.0 = Release|Any CPU
		{5A00BC0C-7C53-4FFB-8B34-7C36FC47A195}.Release|x86.ActiveCfg = Release|Any CPU
		{5A00BC0C-7C53-4FFB-8B34-7C36FC47A195}.Release|x86.Build.0 = Release|Any CPU
		{65CB0897-A96F-439F-9A61-8CEE6E582363}.Debug|Any CPU.ActiveCfg = Debug|x86
		{65CB0897-A96F-439F-9A61-8CEE6E582363}.Debug|ARM.ActiveCfg = Debug|ARM
		{65CB0897-A96F-439F-9A61-8CEE6E582363}.Debug|ARM.Build.0 = Debug|ARM
		{65CB0897-A96F-439F-9A61-8CEE6E582363}.Debug|ARM.Deploy.0 = Debug|ARM
		{65CB0897-A96F-439F-9A61-8CEE6E582363}.Debug|x64.ActiveCfg = Debug|x64
		{65CB0897-A96F-439F-9A61-8CEE6E582363}.Debug|x64.Build.0 = Debug|x64
		{65CB0897-A96F-439F-9A61-8CEE6E582363}.Debug|x64.Deploy.0 = Debug|x64
		{65CB0897-A96F-439F-9A61-8CEE6E582363}.Debug|x86.ActiveCfg = Debug|x86
		{65CB0897-A96F-439F-9A61-8CEE6E582363}.Debug|x86.Build.0 = Debug|x86
		{65CB0897-A96F-439F-9A61-8CEE6E582363}.Debug|x86.Deploy.0 = Debug|x86
		{65CB0897-A96F-439F-9A61-8CEE6E582363}.Release|Any CPU.ActiveCfg = Release|x86
		{65CB0897-A96F-439F-9A61-8CEE6E582363}.Release|ARM.ActiveCfg = Release|ARM
		{65CB0897-A96F-439F-9A61-8CEE6E582363}.Release|ARM.Build.0 = Release|ARM
		{65CB0897-A96F-439F-9A61-8CEE6E582363}.Release|ARM.Deploy.0 = Release|ARM
		{65CB0897-A96F-439F-9A61-8CEE6E582363}.Release|x64.ActiveCfg = Release|x64
		{65CB0897-A96F-439F-9A61-8CEE6E582363}.Release|x64.Build.0 = Release|x64
		{65CB0897-A96F-439F-9A61-8CEE6E582363}.Release|x64.Deploy.0 = Release|x64
		{65CB0897-A96F-439F-9A61-8CEE6E582363}.Release|x86.ActiveCfg = Release|x86
		{65CB0897-A96F-439F-9A61-8CEE6E582363}.Release|x86.Build.0 = Release|x86
		{65CB0897-A96F-439F-9A61-8CEE6E582363}.Release|x86.Deploy.0 = Release|x86
	EndGlobalSection
	GlobalSection(SolutionProperties) = preSolution
		HideSolutionNode = FALSE
	EndGlobalSection
	GlobalSection(ExtensibilityGlobals) = postSolution
		SolutionGuid = {76FA16EF-8722-49B1-ADF2-AC66DA011FF0}
	EndGlobalSection
EndGlobal
